
Microsoft Visual Studio Solution File, Format Version 12.00
# Visual Studio Version 17
VisualStudioVersion = 17.4.33403.182
MinimumVisualStudioVersion = 10.0.40219.1
Project("{FAE04EC0-301F-11D3-BF4B-00C04F79EFBC}") = "Quieres ser mi novia", "Quieres ser mi novia.csproj", "{028D1FEB-573B-4CF2-A82D-EE84A62FC69F}"
EndProject
Global
	GlobalSection(SolutionConfigurationPlatforms) = preSolution
		Debug|Any CPU = Debug|Any CPU
		Release|Any CPU = Release|Any CPU
	EndGlobalSection
	GlobalSection(ProjectConfigurationPlatforms) = postSolution
		{028D1FEB-573B-4CF2-A82D-EE84A62FC69F}.Debug|Any CPU.ActiveCfg = Debug|Any CPU
		{028D1FEB-573B-4CF2-A82D-EE84A62FC69F}.Debug|Any CPU.Build.0 = Debug|Any CPU
		{028D1FEB-573B-4CF2-A82D-EE84A62FC69F}.Release|Any CPU.ActiveCfg = Release|Any CPU
		{028D1FEB-573B-4CF2-A82D-EE84A62FC69F}.Release|Any CPU.Build.0 = Release|Any CPU
	EndGlobalSection
	GlobalSection(SolutionProperties) = preSolution
		HideSolutionNode = FALSE
	EndGlobalSection
	GlobalSection(ExtensibilityGlobals) = postSolution
		SolutionGuid = {C535E3EE-C583-4932-B163-488EAE05D6A9}
	EndGlobalSection
EndGlobal
